<Solution>
  <Folder Name="/0 Solution Items/">
    <File Path=".gitignore" />
    <File Path="build.cmd" />
    <File Path="build.ps1" />
    <File Path="build.sh" />
    <File Path="Claude.md" />
    <File Path="Directory.Build.props" />
    <File Path="Directory.Packages.props" />
    <File Path="dotnet-tools.json" />
    <File Path="nuget.config" />
    <File Path="README.md" />
    <File Path="version.json" />
  </Folder>
  <Folder Name="/0 Solution Items/.github/">
    <File Path=".github/copilot-instructions.md" />
    <File Path=".github/dependabot.yml" />
  </Folder>
  <Folder Name="/0 Solution Items/.github/workflows/">
    <File Path=".github/workflows/ci.yml" />
    <File Path=".github/workflows/publish-tool.yml" />
  </Folder>
  <Folder Name="/1 src/">
    <File Path="src/Directory.Build.props" />
    <Project Path="src/ScatMan.Cli/ScatMan.Cli.csproj" />
    <Project Path="src/ScatMan.Core/ScatMan.Core.csproj" />
    <Project Path="src/ScatMan.Mcp/ScatMan.Mcp.csproj" />
  </Folder>
  <Folder Name="/2 tests/">
    <Project Path="tests/ScatMan.Core.Tests/ScatMan.Core.Tests.csproj" />
  </Folder>
  <Folder Name="/3 build/">
    <Project Path="build/ScatMan.Build.csproj">
      <Build Project="false" />
    </Project>
  </Folder>
</Solution>
